
Microsoft Visual Studio Solution File, Format Version 12.00
# Visual Studio 14
VisualStudioVersion = 14.0.25123.0
MinimumVisualStudioVersion = 10.0.40219.1
Project("{FAE04EC0-301F-11D3-BF4B-00C04F79EFBC}") = "CrowCreekXF", "CrowCreekXF\CrowCreekXF\CrowCreekXF.csproj", "{50C09E56-885F-480C-933F-76C91AD3A868}"
EndProject
Project("{FAE04EC0-301F-11D3-BF4B-00C04F79EFBC}") = "CrowCreekXF.Droid", "CrowCreekXF\CrowCreekXF.Droid\CrowCreekXF.Droid.csproj", "{9DC6910B-0280-44A4-B28B-4C9346F8EA38}"
EndProject
Project("{FAE04EC0-301F-11D3-BF4B-00C04F79EFBC}") = "CrowCreekXF.iOS", "CrowCreekXF\CrowCreekXF.iOS\CrowCreekXF.iOS.csproj", "{9C7B91B0-365B-423D-A54E-00103F58D47B}"
EndProject
Project("{FAE04EC0-301F-11D3-BF4B-00C04F79EFBC}") = "CrowCreekXF.UWP", "CrowCreekXF\CrowCreekXF.UWP\CrowCreekXF.UWP.csproj", "{90A041F9-C993-4F38-BAEC-CECEFB3E03B5}"
EndProject
Project("{FAE04EC0-301F-11D3-BF4B-00C04F79EFBC}") = "CrowCreekXF.Windows", "CrowCreekXF\CrowCreekXF.Windows\CrowCreekXF.Windows.csproj", "{D247315E-2A16-4A35-BD1B-F4CD673793D6}"
EndProject
Project("{FAE04EC0-301F-11D3-BF4B-00C04F79EFBC}") = "CrowCreekXF.WinPhone", "CrowCreekXF\CrowCreekXF.WinPhone\CrowCreekXF.WinPhone.csproj", "{D76156F0-CAAC-4C83-8A27-873BE5E81761}"
EndProject
Global
	GlobalSection(SolutionConfigurationPlatforms) = preSolution
		Ad-Hoc|Any CPU = Ad-Hoc|Any CPU
		Ad-Hoc|ARM = Ad-Hoc|ARM
		Ad-Hoc|iPhone = Ad-Hoc|iPhone
		Ad-Hoc|iPhoneSimulator = Ad-Hoc|iPhoneSimulator
		Ad-Hoc|x64 = Ad-Hoc|x64
		Ad-Hoc|x86 = Ad-Hoc|x86
		AppStore|Any CPU = AppStore|Any CPU
		AppStore|ARM = AppStore|ARM
		AppStore|iPhone = AppStore|iPhone
		AppStore|iPhoneSimulator = AppStore|iPhoneSimulator
		AppStore|x64 = AppStore|x64
		AppStore|x86 = AppStore|x86
		Debug|Any CPU = Debug|Any CPU
		Debug|ARM = Debug|ARM
		Debug|iPhone = Debug|iPhone
		Debug|iPhoneSimulator = Debug|iPhoneSimulator
		Debug|x64 = Debug|x64
		Debug|x86 = Debug|x86
		Release|Any CPU = Release|Any CPU
		Release|ARM = Release|ARM
		Release|iPhone = Release|iPhone
		Release|iPhoneSimulator = Release|iPhoneSimulator
		Release|x64 = Release|x64
		Release|x86 = Release|x86
	EndGlobalSection
	GlobalSection(ProjectConfigurationPlatforms) = postSolution
		{50C09E56-885F-480C-933F-76C91AD3A868}.Ad-Hoc|Any CPU.ActiveCfg = Release|Any CPU
		{50C09E56-885F-480C-933F-76C91AD3A868}.Ad-Hoc|Any CPU.Build.0 = Release|Any CPU
		{50C09E56-885F-480C-933F-76C91AD3A868}.Ad-Hoc|ARM.ActiveCfg = Release|Any CPU
		{50C09E56-885F-480C-933F-76C91AD3A868}.Ad-Hoc|ARM.Build.0 = Release|Any CPU
		{50C09E56-885F-480C-933F-76C91AD3A868}.Ad-Hoc|iPhone.ActiveCfg = Release|Any CPU
		{50C09E56-885F-480C-933F-76C91AD3A868}.Ad-Hoc|iPhone.Build.0 = Release|Any CPU
		{50C09E56-885F-480C-933F-76C91AD3A868}.Ad-Hoc|iPhoneSimulator.ActiveCfg = Release|Any CPU
		{50C09E56-885F-480C-933F-76C91AD3A868}.Ad-Hoc|iPhoneSimulator.Build.0 = Release|Any CPU
		{50C09E56-885F-480C-933F-76C91AD3A868}.Ad-Hoc|x64.ActiveCfg = Release|Any CPU
		{50C09E56-885F-480C-933F-76C91AD3A868}.Ad-Hoc|x64.Build.0 = Release|Any CPU
		{50C09E56-885F-480C-933F-76C91AD3A868}.Ad-Hoc|x86.ActiveCfg = Release|Any CPU
		{50C09E56-885F-480C-933F-76C91AD3A868}.Ad-Hoc|x86.Build.0 = Release|Any CPU
		{50C09E56-885F-480C-933F-76C91AD3A868}.AppStore|Any CPU.ActiveCfg = Release|Any CPU
		{50C09E56-885F-480C-933F-76C91AD3A868}.AppStore|Any CPU.Build.0 = Release|Any CPU
		{50C09E56-885F-480C-933F-76C91AD3A868}.AppStore|ARM.ActiveCfg = Release|Any CPU
		{50C09E56-885F-480C-933F-76C91AD3A868}.AppStore|ARM.Build.0 = Release|Any CPU
		{50C09E56-885F-480C-933F-76C91AD3A868}.AppStore|iPhone.ActiveCfg = Release|Any CPU
		{50C09E56-885F-480C-933F-76C91AD3A868}.AppStore|iPhone.Build.0 = Release|Any CPU
		{50C09E56-885F-480C-933F-76C91AD3A868}.AppStore|iPhoneSimulator.ActiveCfg = Release|Any CPU
		{50C09E56-885F-480C-933F-76C91AD3A868}.AppStore|iPhoneSimulator.Build.0 = Release|Any CPU
		{50C09E56-885F-480C-933F-76C91AD3A868}.AppStore|x64.ActiveCfg = Release|Any CPU
		{50C09E56-885F-480C-933F-76C91AD3A868}.AppStore|x64.Build.0 = Release|Any CPU
		{50C09E56-885F-480C-933F-76C91AD3A868}.AppStore|x86.ActiveCfg = Release|Any CPU
		{50C09E56-885F-480C-933F-76C91AD3A868}.AppStore|x86.Build.0 = Release|Any CPU
		{50C09E56-885F-480C-933F-76C91AD3A868}.Debug|Any CPU.ActiveCfg = Debug|Any CPU
		{50C09E56-885F-480C-933F-76C91AD3A868}.Debug|Any CPU.Build.0 = Debug|Any CPU
		{50C09E56-885F-480C-933F-76C91AD3A868}.Debug|ARM.ActiveCfg = Debug|Any CPU
		{50C09E56-885F-480C-933F-76C91AD3A868}.Debug|ARM.Build.0 = Debug|Any CPU
		{50C09E56-885F-480C-933F-76C91AD3A868}.Debug|iPhone.ActiveCfg = Debug|Any CPU
		{50C09E56-885F-480C-933F-76C91AD3A868}.Debug|iPhone.Build.0 = Debug|Any CPU
		{50C09E56-885F-480C-933F-76C91AD3A868}.Debug|iPhoneSimulator.ActiveCfg = Debug|Any CPU
		{50C09E56-885F-480C-933F-76C91AD3A868}.Debug|iPhoneSimulator.Build.0 = Debug|Any CPU
		{50C09E56-885F-480C-933F-76C91AD3A868}.Debug|x64.ActiveCfg = Debug|Any CPU
		{50C09E56-885F-480C-933F-76C91AD3A868}.Debug|x64.Build.0 = Debug|Any CPU
		{50C09E56-885F-480C-933F-76C91AD3A868}.Debug|x86.ActiveCfg = Debug|Any CPU
		{50C09E56-885F-480C-933F-76C91AD3A868}.Debug|x86.Build.0 = Debug|Any CPU
		{50C09E56-885F-480C-933F-76C91AD3A868}.Release|Any CPU.ActiveCfg = Release|Any CPU
		{50C09E56-885F-480C-933F-76C91AD3A868}.Release|Any CPU.Build.0 = Release|Any CPU
		{50C09E56-885F-480C-933F-76C91AD3A868}.Release|ARM.ActiveCfg = Release|Any CPU
		{50C09E56-885F-480C-933F-76C91AD3A868}.Release|ARM.Build.0 = Release|Any CPU
		{50C09E56-885F-480C-933F-76C91AD3A868}.Release|iPhone.ActiveCfg = Release|Any CPU
		{50C09E56-885F-480C-933F-76C91AD3A868}.Release|iPhone.Build.0 = Release|Any CPU
		{50C09E56-885F-480C-933F-76C91AD3A868}.Release|iPhoneSimulator.ActiveCfg = Release|Any CPU
		{50C09E56-885F-480C-933F-76C91AD3A868}.Release|iPhoneSimulator.Build.0 = Release|Any CPU
		{50C09E56-885F-480C-933F-76C91AD3A868}.Release|x64.ActiveCfg = Release|Any CPU
		{50C09E56-885F-480C-933F-76C91AD3A868}.Release|x64.Build.0 = Release|Any CPU
		{50C09E56-885F-480C-933F-76C91AD3A868}.Release|x86.ActiveCfg = Release|Any CPU
		{50C09E56-885F-480C-933F-76C91AD3A868}.Release|x86.Build.0 = Release|Any CPU
		{9DC6910B-0280-44A4-B28B-4C9346F8EA38}.Ad-Hoc|Any CPU.ActiveCfg = Release|Any CPU
		{9DC6910B-0280-44A4-B28B-4C9346F8EA38}.Ad-Hoc|Any CPU.Build.0 = Release|Any CPU
		{9DC6910B-0280-44A4-B28B-4C9346F8EA38}.Ad-Hoc|Any CPU.Deploy.0 = Release|Any CPU
		{9DC6910B-0280-44A4-B28B-4C9346F8EA38}.Ad-Hoc|ARM.ActiveCfg = Release|Any CPU
		{9DC6910B-0280-44A4-B28B-4C9346F8EA38}.Ad-Hoc|ARM.Build.0 = Release|Any CPU
		{9DC6910B-0280-44A4-B28B-4C9346F8EA38}.Ad-Hoc|ARM.Deploy.0 = Release|Any CPU
		{9DC6910B-0280-44A4-B28B-4C9346F8EA38}.Ad-Hoc|iPhone.ActiveCfg = Release|Any CPU
		{9DC6910B-0280-44A4-B28B-4C9346F8EA38}.Ad-Hoc|iPhone.Build.0 = Release|Any CPU
		{9DC6910B-0280-44A4-B28B-4C9346F8EA38}.Ad-Hoc|iPhone.Deploy.0 = Release|Any CPU
		{9DC6910B-0280-44A4-B28B-4C9346F8EA38}.Ad-Hoc|iPhoneSimulator.ActiveCfg = Release|Any CPU
		{9DC6910B-0280-44A4-B28B-4C9346F8EA38}.Ad-Hoc|iPhoneSimulator.Build.0 = Release|Any CPU
		{9DC6910B-0280-44A4-B28B-4C9346F8EA38}.Ad-Hoc|iPhoneSimulator.Deploy.0 = Release|Any CPU
		{9DC6910B-0280-44A4-B28B-4C9346F8EA38}.Ad-Hoc|x64.ActiveCfg = Release|Any CPU
		{9DC6910B-0280-44A4-B28B-4C9346F8EA38}.Ad-Hoc|x64.Build.0 = Release|Any CPU
		{9DC6910B-0280-44A4-B28B-4C9346F8EA38}.Ad-Hoc|x64.Deploy.0 = Release|Any CPU
		{9DC6910B-0280-44A4-B28B-4C9346F8EA38}.Ad-Hoc|x86.ActiveCfg = Release|Any CPU
		{9DC6910B-0280-44A4-B28B-4C9346F8EA38}.Ad-Hoc|x86.Build.0 = Release|Any CPU
		{9DC6910B-0280-44A4-B28B-4C9346F8EA38}.Ad-Hoc|x86.Deploy.0 = Release|Any CPU
		{9DC6910B-0280-44A4-B28B-4C9346F8EA38}.AppStore|Any CPU.ActiveCfg = Release|Any CPU
		{9DC6910B-0280-44A4-B28B-4C9346F8EA38}.AppStore|Any CPU.Build.0 = Release|Any CPU
		{9DC6910B-0280-44A4-B28B-4C9346F8EA38}.AppStore|Any CPU.Deploy.0 = Release|Any CPU
		{9DC6910B-0280-44A4-B28B-4C9346F8EA38}.AppStore|ARM.ActiveCfg = Release|Any CPU
		{9DC6910B-0280-44A4-B28B-4C9346F8EA38}.AppStore|ARM.Build.0 = Release|Any CPU
		{9DC6910B-0280-44A4-B28B-4C9346F8EA38}.AppStore|ARM.Deploy.0 = Release|Any CPU
		{9DC6910B-0280-44A4-B28B-4C9346F8EA38}.AppStore|iPhone.ActiveCfg = Release|Any CPU
		{9DC6910B-0280-44A4-B28B-4C9346F8EA38}.AppStore|iPhone.Build.0 = Release|Any CPU
		{9DC6910B-0280-44A4-B28B-4C9346F8EA38}.AppStore|iPhone.Deploy.0 = Release|Any CPU
		{9DC6910B-0280-44A4-B28B-4C9346F8EA38}.AppStore|iPhoneSimulator.ActiveCfg = Release|Any CPU
		{9DC6910B-0280-44A4-B28B-4C9346F8EA38}.AppStore|iPhoneSimulator.Build.0 = Release|Any CPU
		{9DC6910B-0280-44A4-B28B-4C9346F8EA38}.AppStore|iPhoneSimulator.Deploy.0 = Release|Any CPU
		{9DC6910B-0280-44A4-B28B-4C9346F8EA38}.AppStore|x64.ActiveCfg = Release|Any CPU
		{9DC6910B-0280-44A4-B28B-4C9346F8EA38}.AppStore|x64.Build.0 = Release|Any CPU
		{9DC6910B-0280-44A4-B28B-4C9346F8EA38}.AppStore|x64.Deploy.0 = Release|Any CPU
		{9DC6910B-0280-44A4-B28B-4C9346F8EA38}.AppStore|x86.ActiveCfg = Release|Any CPU
		{9DC6910B-0280-44A4-B28B-4C9346F8EA38}.AppStore|x86.Build.0 = Release|Any CPU
		{9DC6910B-0280-44A4-B28B-4C9346F8EA38}.AppStore|x86.Deploy.0 = Release|Any CPU
		{9DC6910B-0280-44A4-B28B-4C9346F8EA38}.Debug|Any CPU.ActiveCfg = Debug|Any CPU
		{9DC6910B-0280-44A4-B28B-4C9346F8EA38}.Debug|Any CPU.Build.0 = Debug|Any CPU
		{9DC6910B-0280-44A4-B28B-4C9346F8EA38}.Debug|Any CPU.Deploy.0 = Debug|Any CPU
		{9DC6910B-0280-44A4-B28B-4C9346F8EA38}.Debug|ARM.ActiveCfg = Debug|Any CPU
		{9DC6910B-0280-44A4-B28B-4C9346F8EA38}.Debug|ARM.Build.0 = Debug|Any CPU
		{9DC6910B-0280-44A4-B28B-4C9346F8EA38}.Debug|ARM.Deploy.0 = Debug|Any CPU
		{9DC6910B-0280-44A4-B28B-4C9346F8EA38}.Debug|iPhone.ActiveCfg = Debug|Any CPU
		{9DC6910B-0280-44A4-B28B-4C9346F8EA38}.Debug|iPhone.Build.0 = Debug|Any CPU
		{9DC6910B-0280-44A4-B28B-4C9346F8EA38}.Debug|iPhone.Deploy.0 = Debug|Any CPU
		{9DC6910B-0280-44A4-B28B-4C9346F8EA38}.Debug|iPhoneSimulator.ActiveCfg = Debug|Any CPU
		{9DC6910B-0280-44A4-B28B-4C9346F8EA38}.Debug|iPhoneSimulator.Build.0 = Debug|Any CPU
		{9DC6910B-0280-44A4-B28B-4C9346F8EA38}.Debug|iPhoneSimulator.Deploy.0 = Debug|Any CPU
		{9DC6910B-0280-44A4-B28B-4C9346F8EA38}.Debug|x64.ActiveCfg = Debug|Any CPU
		{9DC6910B-0280-44A4-B28B-4C9346F8EA38}.Debug|x64.Build.0 = Debug|Any CPU
		{9DC6910B-0280-44A4-B28B-4C9346F8EA38}.Debug|x64.Deploy.0 = Debug|Any CPU
		{9DC6910B-0280-44A4-B28B-4C9346F8EA38}.Debug|x86.ActiveCfg = Debug|Any CPU
		{9DC6910B-0280-44A4-B28B-4C9346F8EA38}.Debug|x86.Build.0 = Debug|Any CPU
		{9DC6910B-0280-44A4-B28B-4C9346F8EA38}.Debug|x86.Deploy.0 = Debug|Any CPU
		{9DC6910B-0280-44A4-B28B-4C9346F8EA38}.Release|Any CPU.ActiveCfg = Release|Any CPU
		{9DC6910B-0280-44A4-B28B-4C9346F8EA38}.Release|Any CPU.Build.0 = Release|Any CPU
		{9DC6910B-0280-44A4-B28B-4C9346F8EA38}.Release|Any CPU.Deploy.0 = Release|Any CPU
		{9DC6910B-0280-44A4-B28B-4C9346F8EA38}.Release|ARM.ActiveCfg = Release|Any CPU
		{9DC6910B-0280-44A4-B28B-4C9346F8EA38}.Release|ARM.Build.0 = Release|Any CPU
		{9DC6910B-0280-44A4-B28B-4C9346F8EA38}.Release|ARM.Deploy.0 = Release|Any CPU
		{9DC6910B-0280-44A4-B28B-4C9346F8EA38}.Release|iPhone.ActiveCfg = Release|Any CPU
		{9DC6910B-0280-44A4-B28B-4C9346F8EA38}.Release|iPhone.Build.0 = Release|Any CPU
		{9DC6910B-0280-44A4-B28B-4C9346F8EA38}.Release|iPhone.Deploy.0 = Release|Any CPU
		{9DC6910B-0280-44A4-B28B-4C9346F8EA38}.Release|iPhoneSimulator.ActiveCfg = Release|Any CPU
		{9DC6910B-0280-44A4-B28B-4C9346F8EA38}.Release|iPhoneSimulator.Build.0 = Release|Any CPU
		{9DC6910B-0280-44A4-B28B-4C9346F8EA38}.Release|iPhoneSimulator.Deploy.0 = Release|Any CPU
		{9DC6910B-0280-44A4-B28B-4C9346F8EA38}.Release|x64.ActiveCfg = Release|Any CPU
		{9DC6910B-0280-44A4-B28B-4C9346F8EA38}.Release|x64.Build.0 = Release|Any CPU
		{9DC6910B-0280-44A4-B28B-4C9346F8EA38}.Release|x64.Deploy.0 = Release|Any CPU
		{9DC6910B-0280-44A4-B28B-4C9346F8EA38}.Release|x86.ActiveCfg = Release|Any CPU
		{9DC6910B-0280-44A4-B28B-4C9346F8EA38}.Release|x86.Build.0 = Release|Any CPU
		{9DC6910B-0280-44A4-B28B-4C9346F8EA38}.Release|x86.Deploy.0 = Release|Any CPU
		{9C7B91B0-365B-423D-A54E-00103F58D47B}.Ad-Hoc|Any CPU.ActiveCfg = Ad-Hoc|iPhone
		{9C7B91B0-365B-423D-A54E-00103F58D47B}.Ad-Hoc|ARM.ActiveCfg = Ad-Hoc|iPhone
		{9C7B91B0-365B-423D-A54E-00103F58D47B}.Ad-Hoc|iPhone.ActiveCfg = Ad-Hoc|iPhone
		{9C7B91B0-365B-423D-A54E-00103F58D47B}.Ad-Hoc|iPhone.Build.0 = Ad-Hoc|iPhone
		{9C7B91B0-365B-423D-A54E-00103F58D47B}.Ad-Hoc|iPhoneSimulator.ActiveCfg = Ad-Hoc|iPhoneSimulator
		{9C7B91B0-365B-423D-A54E-00103F58D47B}.Ad-Hoc|iPhoneSimulator.Build.0 = Ad-Hoc|iPhoneSimulator
		{9C7B91B0-365B-423D-A54E-00103F58D47B}.Ad-Hoc|x64.ActiveCfg = Ad-Hoc|iPhone
		{9C7B91B0-365B-423D-A54E-00103F58D47B}.Ad-Hoc|x86.ActiveCfg = Ad-Hoc|iPhone
		{9C7B91B0-365B-423D-A54E-00103F58D47B}.AppStore|Any CPU.ActiveCfg = AppStore|iPhone
		{9C7B91B0-365B-423D-A54E-00103F58D47B}.AppStore|ARM.ActiveCfg = AppStore|iPhone
		{9C7B91B0-365B-423D-A54E-00103F58D47B}.AppStore|iPhone.ActiveCfg = AppStore|iPhone
		{9C7B91B0-365B-423D-A54E-00103F58D47B}.AppStore|iPhone.Build.0 = AppStore|iPhone
		{9C7B91B0-365B-423D-A54E-00103F58D47B}.AppStore|iPhoneSimulator.ActiveCfg = AppStore|iPhoneSimulator
		{9C7B91B0-365B-423D-A54E-00103F58D47B}.AppStore|iPhoneSimulator.Build.0 = AppStore|iPhoneSimulator
		{9C7B91B0-365B-423D-A54E-00103F58D47B}.AppStore|x64.ActiveCfg = AppStore|iPhone
		{9C7B91B0-365B-423D-A54E-00103F58D47B}.AppStore|x86.ActiveCfg = AppStore|iPhone
		{9C7B91B0-365B-423D-A54E-00103F58D47B}.Debug|Any CPU.ActiveCfg = Debug|iPhone
		{9C7B91B0-365B-423D-A54E-00103F58D47B}.Debug|ARM.ActiveCfg = Debug|iPhone
		{9C7B91B0-365B-423D-A54E-00103F58D47B}.Debug|iPhone.ActiveCfg = Debug|iPhone
		{9C7B91B0-365B-423D-A54E-00103F58D47B}.Debug|iPhone.Build.0 = Debug|iPhone
		{9C7B91B0-365B-423D-A54E-00103F58D47B}.Debug|iPhoneSimulator.ActiveCfg = Debug|iPhoneSimulator
		{9C7B91B0-365B-423D-A54E-00103F58D47B}.Debug|iPhoneSimulator.Build.0 = Debug|iPhoneSimulator
		{9C7B91B0-365B-423D-A54E-00103F58D47B}.Debug|x64.ActiveCfg = Debug|iPhone
		{9C7B91B0-365B-423D-A54E-00103F58D47B}.Debug|x86.ActiveCfg = Debug|iPhone
		{9C7B91B0-365B-423D-A54E-00103F58D47B}.Release|Any CPU.ActiveCfg = Release|iPhone
		{9C7B91B0-365B-423D-A54E-00103F58D47B}.Release|ARM.ActiveCfg = Release|iPhone
		{9C7B91B0-365B-423D-A54E-00103F58D47B}.Release|iPhone.ActiveCfg = Release|iPhone
		{9C7B91B0-365B-423D-A54E-00103F58D47B}.Release|iPhone.Build.0 = Release|iPhone
		{9C7B91B0-365B-423D-A54E-00103F58D47B}.Release|iPhoneSimulator.ActiveCfg = Release|iPhoneSimulator
		{9C7B91B0-365B-423D-A54E-00103F58D47B}.Release|iPhoneSimulator.Build.0 = Release|iPhoneSimulator
		{9C7B91B0-365B-423D-A54E-00103F58D47B}.Release|x64.ActiveCfg = Release|iPhone
		{9C7B91B0-365B-423D-A54E-00103F58D47B}.Release|x86.ActiveCfg = Release|iPhone
		{90A041F9-C993-4F38-BAEC-CECEFB3E03B5}.Ad-Hoc|Any CPU.ActiveCfg = Release|x86
		{90A041F9-C993-4F38-BAEC-CECEFB3E03B5}.Ad-Hoc|Any CPU.Build.0 = Release|x86
		{90A041F9-C993-4F38-BAEC-CECEFB3E03B5}.Ad-Hoc|Any CPU.Deploy.0 = Release|x86
		{90A041F9-C993-4F38-BAEC-CECEFB3E03B5}.Ad-Hoc|ARM.ActiveCfg = Release|ARM
		{90A041F9-C993-4F38-BAEC-CECEFB3E03B5}.Ad-Hoc|ARM.Build.0 = Release|ARM
		{90A041F9-C993-4F38-BAEC-CECEFB3E03B5}.Ad-Hoc|ARM.Deploy.0 = Release|ARM
		{90A041F9-C993-4F38-BAEC-CECEFB3E03B5}.Ad-Hoc|iPhone.ActiveCfg = Release|x86
		{90A041F9-C993-4F38-BAEC-CECEFB3E03B5}.Ad-Hoc|iPhone.Build.0 = Release|x86
		{90A041F9-C993-4F38-BAEC-CECEFB3E03B5}.Ad-Hoc|iPhone.Deploy.0 = Release|x86
		{90A041F9-C993-4F38-BAEC-CECEFB3E03B5}.Ad-Hoc|iPhoneSimulator.ActiveCfg = Release|x86
		{90A041F9-C993-4F38-BAEC-CECEFB3E03B5}.Ad-Hoc|iPhoneSimulator.Build.0 = Release|x86
		{90A041F9-C993-4F38-BAEC-CECEFB3E03B5}.Ad-Hoc|iPhoneSimulator.Deploy.0 = Release|x86
		{90A041F9-C993-4F38-BAEC-CECEFB3E03B5}.Ad-Hoc|x64.ActiveCfg = Release|x64
		{90A041F9-C993-4F38-BAEC-CECEFB3E03B5}.Ad-Hoc|x64.Build.0 = Release|x64
		{90A041F9-C993-4F38-BAEC-CECEFB3E03B5}.Ad-Hoc|x64.Deploy.0 = Release|x64
		{90A041F9-C993-4F38-BAEC-CECEFB3E03B5}.Ad-Hoc|x86.ActiveCfg = Release|x86
		{90A041F9-C993-4F38-BAEC-CECEFB3E03B5}.Ad-Hoc|x86.Build.0 = Release|x86
		{90A041F9-C993-4F38-BAEC-CECEFB3E03B5}.Ad-Hoc|x86.Deploy.0 = Release|x86
		{90A041F9-C993-4F38-BAEC-CECEFB3E03B5}.AppStore|Any CPU.ActiveCfg = Release|x86
		{90A041F9-C993-4F38-BAEC-CECEFB3E03B5}.AppStore|Any CPU.Build.0 = Release|x86
		{90A041F9-C993-4F38-BAEC-CECEFB3E03B5}.AppStore|Any CPU.Deploy.0 = Release|x86
		{90A041F9-C993-4F38-BAEC-CECEFB3E03B5}.AppStore|ARM.ActiveCfg = Release|ARM
		{90A041F9-C993-4F38-BAEC-CECEFB3E03B5}.AppStore|ARM.Build.0 = Release|ARM
		{90A041F9-C993-4F38-BAEC-CECEFB3E03B5}.AppStore|ARM.Deploy.0 = Release|ARM
		{90A041F9-C993-4F38-BAEC-CECEFB3E03B5}.AppStore|iPhone.ActiveCfg = Release|x86
		{90A041F9-C993-4F38-BAEC-CECEFB3E03B5}.AppStore|iPhone.Build.0 = Release|x86
		{90A041F9-C993-4F38-BAEC-CECEFB3E03B5}.AppStore|iPhone.Deploy.0 = Release|x86
		{90A041F9-C993-4F38-BAEC-CECEFB3E03B5}.AppStore|iPhoneSimulator.ActiveCfg = Release|x86
		{90A041F9-C993-4F38-BAEC-CECEFB3E03B5}.AppStore|iPhoneSimulator.Build.0 = Release|x86
		{90A041F9-C993-4F38-BAEC-CECEFB3E03B5}.AppStore|iPhoneSimulator.Deploy.0 = Release|x86
		{90A041F9-C993-4F38-BAEC-CECEFB3E03B5}.AppStore|x64.ActiveCfg = Release|x64
		{90A041F9-C993-4F38-BAEC-CECEFB3E03B5}.AppStore|x64.Build.0 = Release|x64
		{90A041F9-C993-4F38-BAEC-CECEFB3E03B5}.AppStore|x64.Deploy.0 = Release|x64
		{90A041F9-C993-4F38-BAEC-CECEFB3E03B5}.AppStore|x86.ActiveCfg = Release|x86
		{90A041F9-C993-4F38-BAEC-CECEFB3E03B5}.AppStore|x86.Build.0 = Release|x86
		{90A041F9-C993-4F38-BAEC-CECEFB3E03B5}.AppStore|x86.Deploy.0 = Release|x86
		{90A041F9-C993-4F38-BAEC-CECEFB3E03B5}.Debug|Any CPU.ActiveCfg = Debug|x86
		{90A041F9-C993-4F38-BAEC-CECEFB3E03B5}.Debug|ARM.ActiveCfg = Debug|ARM
		{90A041F9-C993-4F38-BAEC-CECEFB3E03B5}.Debug|ARM.Build.0 = Debug|ARM
		{90A041F9-C993-4F38-BAEC-CECEFB3E03B5}.Debug|ARM.Deploy.0 = Debug|ARM
		{90A041F9-C993-4F38-BAEC-CECEFB3E03B5}.Debug|iPhone.ActiveCfg = Debug|x86
		{90A041F9-C993-4F38-BAEC-CECEFB3E03B5}.Debug|iPhoneSimulator.ActiveCfg = Debug|x86
		{90A041F9-C993-4F38-BAEC-CECEFB3E03B5}.Debug|x64.ActiveCfg = Debug|x64
		{90A041F9-C993-4F38-BAEC-CECEFB3E03B5}.Debug|x64.Build.0 = Debug|x64
		{90A041F9-C993-4F38-BAEC-CECEFB3E03B5}.Debug|x64.Deploy.0 = Debug|x64
		{90A041F9-C993-4F38-BAEC-CECEFB3E03B5}.Debug|x86.ActiveCfg = Debug|x86
		{90A041F9-C993-4F38-BAEC-CECEFB3E03B5}.Debug|x86.Build.0 = Debug|x86
		{90A041F9-C993-4F38-BAEC-CECEFB3E03B5}.Debug|x86.Deploy.0 = Debug|x86
		{90A041F9-C993-4F38-BAEC-CECEFB3E03B5}.Release|Any CPU.ActiveCfg = Release|x86
		{90A041F9-C993-4F38-BAEC-CECEFB3E03B5}.Release|ARM.ActiveCfg = Release|ARM
		{90A041F9-C993-4F38-BAEC-CECEFB3E03B5}.Release|ARM.Build.0 = Release|ARM
		{90A041F9-C993-4F38-BAEC-CECEFB3E03B5}.Release|ARM.Deploy.0 = Release|ARM
		{90A041F9-C993-4F38-BAEC-CECEFB3E03B5}.Release|iPhone.ActiveCfg = Release|x86
		{90A041F9-C993-4F38-BAEC-CECEFB3E03B5}.Release|iPhoneSimulator.ActiveCfg = Release|x86
		{90A041F9-C993-4F38-BAEC-CECEFB3E03B5}.Release|x64.ActiveCfg = Release|x64
		{90A041F9-C993-4F38-BAEC-CECEFB3E03B5}.Release|x64.Build.0 = Release|x64
		{90A041F9-C993-4F38-BAEC-CECEFB3E03B5}.Release|x64.Deploy.0 = Release|x64
		{90A041F9-C993-4F38-BAEC-CECEFB3E03B5}.Release|x86.ActiveCfg = Release|x86
		{90A041F9-C993-4F38-BAEC-CECEFB3E03B5}.Release|x86.Build.0 = Release|x86
		{90A041F9-C993-4F38-BAEC-CECEFB3E03B5}.Release|x86.Deploy.0 = Release|x86
		{D247315E-2A16-4A35-BD1B-F4CD673793D6}.Ad-Hoc|Any CPU.ActiveCfg = Release|Any CPU
		{D247315E-2A16-4A35-BD1B-F4CD673793D6}.Ad-Hoc|Any CPU.Build.0 = Release|Any CPU
		{D247315E-2A16-4A35-BD1B-F4CD673793D6}.Ad-Hoc|Any CPU.Deploy.0 = Release|Any CPU
		{D247315E-2A16-4A35-BD1B-F4CD673793D6}.Ad-Hoc|ARM.ActiveCfg = Release|ARM
		{D247315E-2A16-4A35-BD1B-F4CD673793D6}.Ad-Hoc|ARM.Build.0 = Release|ARM
		{D247315E-2A16-4A35-BD1B-F4CD673793D6}.Ad-Hoc|ARM.Deploy.0 = Release|ARM
		{D247315E-2A16-4A35-BD1B-F4CD673793D6}.Ad-Hoc|iPhone.ActiveCfg = Release|Any CPU
		{D247315E-2A16-4A35-BD1B-F4CD673793D6}.Ad-Hoc|iPhone.Build.0 = Release|Any CPU
		{D247315E-2A16-4A35-BD1B-F4CD673793D6}.Ad-Hoc|iPhone.Deploy.0 = Release|Any CPU
		{D247315E-2A16-4A35-BD1B-F4CD673793D6}.Ad-Hoc|iPhoneSimulator.ActiveCfg = Release|Any CPU
		{D247315E-2A16-4A35-BD1B-F4CD673793D6}.Ad-Hoc|iPhoneSimulator.Build.0 = Release|Any CPU
		{D247315E-2A16-4A35-BD1B-F4CD673793D6}.Ad-Hoc|iPhoneSimulator.Deploy.0 = Release|Any CPU
		{D247315E-2A16-4A35-BD1B-F4CD673793D6}.Ad-Hoc|x64.ActiveCfg = Release|x64
		{D247315E-2A16-4A35-BD1B-F4CD673793D6}.Ad-Hoc|x64.Build.0 = Release|x64
		{D247315E-2A16-4A35-BD1B-F4CD673793D6}.Ad-Hoc|x64.Deploy.0 = Release|x64
		{D247315E-2A16-4A35-BD1B-F4CD673793D6}.Ad-Hoc|x86.ActiveCfg = Release|x86
		{D247315E-2A16-4A35-BD1B-F4CD673793D6}.Ad-Hoc|x86.Build.0 = Release|x86
		{D247315E-2A16-4A35-BD1B-F4CD673793D6}.Ad-Hoc|x86.Deploy.0 = Release|x86
		{D247315E-2A16-4A35-BD1B-F4CD673793D6}.AppStore|Any CPU.ActiveCfg = Release|Any CPU
		{D247315E-2A16-4A35-BD1B-F4CD673793D6}.AppStore|Any CPU.Build.0 = Release|Any CPU
		{D247315E-2A16-4A35-BD1B-F4CD673793D6}.AppStore|Any CPU.Deploy.0 = Release|Any CPU
		{D247315E-2A16-4A35-BD1B-F4CD673793D6}.AppStore|ARM.ActiveCfg = Release|ARM
		{D247315E-2A16-4A35-BD1B-F4CD673793D6}.AppStore|ARM.Build.0 = Release|ARM
		{D247315E-2A16-4A35-BD1B-F4CD673793D6}.AppStore|ARM.Deploy.0 = Release|ARM
		{D247315E-2A16-4A35-BD1B-F4CD673793D6}.AppStore|iPhone.ActiveCfg = Release|Any CPU
		{D247315E-2A16-4A35-BD1B-F4CD673793D6}.AppStore|iPhone.Build.0 = Release|Any CPU
		{D247315E-2A16-4A35-BD1B-F4CD673793D6}.AppStore|iPhone.Deploy.0 = Release|Any CPU
		{D247315E-2A16-4A35-BD1B-F4CD673793D6}.AppStore|iPhoneSimulator.ActiveCfg = Release|Any CPU
		{D247315E-2A16-4A35-BD1B-F4CD673793D6}.AppStore|iPhoneSimulator.Build.0 = Release|Any CPU
		{D247315E-2A16-4A35-BD1B-F4CD673793D6}.AppStore|iPhoneSimulator.Deploy.0 = Release|Any CPU
		{D247315E-2A16-4A35-BD1B-F4CD673793D6}.AppStore|x64.ActiveCfg = Release|x64
		{D247315E-2A16-4A35-BD1B-F4CD673793D6}.AppStore|x64.Build.0 = Release|x64
		{D247315E-2A16-4A35-BD1B-F4CD673793D6}.AppStore|x64.Deploy.0 = Release|x64
		{D247315E-2A16-4A35-BD1B-F4CD673793D6}.AppStore|x86.ActiveCfg = Release|x86
		{D247315E-2A16-4A35-BD1B-F4CD673793D6}.AppStore|x86.Build.0 = Release|x86
		{D247315E-2A16-4A35-BD1B-F4CD673793D6}.AppStore|x86.Deploy.0 = Release|x86
		{D247315E-2A16-4A35-BD1B-F4CD673793D6}.Debug|Any CPU.ActiveCfg = Debug|Any CPU
		{D247315E-2A16-4A35-BD1B-F4CD673793D6}.Debug|Any CPU.Build.0 = Debug|Any CPU
		{D247315E-2A16-4A35-BD1B-F4CD673793D6}.Debug|Any CPU.Deploy.0 = Debug|Any CPU
		{D247315E-2A16-4A35-BD1B-F4CD673793D6}.Debug|ARM.ActiveCfg = Debug|ARM
		{D247315E-2A16-4A35-BD1B-F4CD673793D6}.Debug|ARM.Build.0 = Debug|ARM
		{D247315E-2A16-4A35-BD1B-F4CD673793D6}.Debug|ARM.Deploy.0 = Debug|ARM
		{D247315E-2A16-4A35-BD1B-F4CD673793D6}.Debug|iPhone.ActiveCfg = Debug|Any CPU
		{D247315E-2A16-4A35-BD1B-F4CD673793D6}.Debug|iPhone.Build.0 = Debug|Any CPU
		{D247315E-2A16-4A35-BD1B-F4CD673793D6}.Debug|iPhone.Deploy.0 = Debug|Any CPU
		{D247315E-2A16-4A35-BD1B-F4CD673793D6}.Debug|iPhoneSimulator.ActiveCfg = Debug|Any CPU
		{D247315E-2A16-4A35-BD1B-F4CD673793D6}.Debug|iPhoneSimulator.Build.0 = Debug|Any CPU
		{D247315E-2A16-4A35-BD1B-F4CD673793D6}.Debug|iPhoneSimulator.Deploy.0 = Debug|Any CPU
		{D247315E-2A16-4A35-BD1B-F4CD673793D6}.Debug|x64.ActiveCfg = Debug|x64
		{D247315E-2A16-4A35-BD1B-F4CD673793D6}.Debug|x64.Build.0 = Debug|x64
		{D247315E-2A16-4A35-BD1B-F4CD673793D6}.Debug|x64.Deploy.0 = Debug|x64
		{D247315E-2A16-4A35-BD1B-F4CD673793D6}.Debug|x86.ActiveCfg = Debug|x86
		{D247315E-2A16-4A35-BD1B-F4CD673793D6}.Debug|x86.Build.0 = Debug|x86
		{D247315E-2A16-4A35-BD1B-F4CD673793D6}.Debug|x86.Deploy.0 = Debug|x86
		{D247315E-2A16-4A35-BD1B-F4CD673793D6}.Release|Any CPU.ActiveCfg = Release|Any CPU
		{D247315E-2A16-4A35-BD1B-F4CD673793D6}.Release|Any CPU.Build.0 = Release|Any CPU
		{D247315E-2A16-4A35-BD1B-F4CD673793D6}.Release|Any CPU.Deploy.0 = Release|Any CPU
		{D247315E-2A16-4A35-BD1B-F4CD673793D6}.Release|ARM.ActiveCfg = Release|ARM
		{D247315E-2A16-4A35-BD1B-F4CD673793D6}.Release|ARM.Build.0 = Release|ARM
		{D247315E-2A16-4A35-BD1B-F4CD673793D6}.Release|ARM.Deploy.0 = Release|ARM
		{D247315E-2A16-4A35-BD1B-F4CD673793D6}.Release|iPhone.ActiveCfg = Release|Any CPU
		{D247315E-2A16-4A35-BD1B-F4CD673793D6}.Release|iPhone.Build.0 = Release|Any CPU
		{D247315E-2A16-4A35-BD1B-F4CD673793D6}.Release|iPhone.Deploy.0 = Release|Any CPU
		{D247315E-2A16-4A35-BD1B-F4CD673793D6}.Release|iPhoneSimulator.ActiveCfg = Release|Any CPU
		{D247315E-2A16-4A35-BD1B-F4CD673793D6}.Release|iPhoneSimulator.Build.0 = Release|Any CPU
		{D247315E-2A16-4A35-BD1B-F4CD673793D6}.Release|iPhoneSimulator.Deploy.0 = Release|Any CPU
		{D247315E-2A16-4A35-BD1B-F4CD673793D6}.Release|x64.ActiveCfg = Release|x64
		{D247315E-2A16-4A35-BD1B-F4CD673793D6}.Release|x64.Build.0 = Release|x64
		{D247315E-2A16-4A35-BD1B-F4CD673793D6}.Release|x64.Deploy.0 = Release|x64
		{D247315E-2A16-4A35-BD1B-F4CD673793D6}.Release|x86.ActiveCfg = Release|x86
		{D247315E-2A16-4A35-BD1B-F4CD673793D6}.Release|x86.Build.0 = Release|x86
		{D247315E-2A16-4A35-BD1B-F4CD673793D6}.Release|x86.Deploy.0 = Release|x86
		{D76156F0-CAAC-4C83-8A27-873BE5E81761}.Ad-Hoc|Any CPU.ActiveCfg = Release|Any CPU
		{D76156F0-CAAC-4C83-8A27-873BE5E81761}.Ad-Hoc|Any CPU.Build.0 = Release|Any CPU
		{D76156F0-CAAC-4C83-8A27-873BE5E81761}.Ad-Hoc|Any CPU.Deploy.0 = Release|Any CPU
		{D76156F0-CAAC-4C83-8A27-873BE5E81761}.Ad-Hoc|ARM.ActiveCfg = Release|ARM
		{D76156F0-CAAC-4C83-8A27-873BE5E81761}.Ad-Hoc|ARM.Build.0 = Release|ARM
		{D76156F0-CAAC-4C83-8A27-873BE5E81761}.Ad-Hoc|ARM.Deploy.0 = Release|ARM
		{D76156F0-CAAC-4C83-8A27-873BE5E81761}.Ad-Hoc|iPhone.ActiveCfg = Release|Any CPU
		{D76156F0-CAAC-4C83-8A27-873BE5E81761}.Ad-Hoc|iPhone.Build.0 = Release|Any CPU
		{D76156F0-CAAC-4C83-8A27-873BE5E81761}.Ad-Hoc|iPhone.Deploy.0 = Release|Any CPU
		{D76156F0-CAAC-4C83-8A27-873BE5E81761}.Ad-Hoc|iPhoneSimulator.ActiveCfg = Release|Any CPU
		{D76156F0-CAAC-4C83-8A27-873BE5E81761}.Ad-Hoc|iPhoneSimulator.Build.0 = Release|Any CPU
		{D76156F0-CAAC-4C83-8A27-873BE5E81761}.Ad-Hoc|iPhoneSimulator.Deploy.0 = Release|Any CPU
		{D76156F0-CAAC-4C83-8A27-873BE5E81761}.Ad-Hoc|x64.ActiveCfg = Release|Any CPU
		{D76156F0-CAAC-4C83-8A27-873BE5E81761}.Ad-Hoc|x64.Build.0 = Release|Any CPU
		{D76156F0-CAAC-4C83-8A27-873BE5E81761}.Ad-Hoc|x64.Deploy.0 = Release|Any CPU
		{D76156F0-CAAC-4C83-8A27-873BE5E81761}.Ad-Hoc|x86.ActiveCfg = Release|x86
		{D76156F0-CAAC-4C83-8A27-873BE5E81761}.Ad-Hoc|x86.Build.0 = Release|x86
		{D76156F0-CAAC-4C83-8A27-873BE5E81761}.Ad-Hoc|x86.Deploy.0 = Release|x86
		{D76156F0-CAAC-4C83-8A27-873BE5E81761}.AppStore|Any CPU.ActiveCfg = Release|Any CPU
		{D76156F0-CAAC-4C83-8A27-873BE5E81761}.AppStore|Any CPU.Build.0 = Release|Any CPU
		{D76156F0-CAAC-4C83-8A27-873BE5E81761}.AppStore|Any CPU.Deploy.0 = Release|Any CPU
		{D76156F0-CAAC-4C83-8A27-873BE5E81761}.AppStore|ARM.ActiveCfg = Release|ARM
		{D76156F0-CAAC-4C83-8A27-873BE5E81761}.AppStore|ARM.Build.0 = Release|ARM
		{D76156F0-CAAC-4C83-8A27-873BE5E81761}.AppStore|ARM.Deploy.0 = Release|ARM
		{D76156F0-CAAC-4C83-8A27-873BE5E81761}.AppStore|iPhone.ActiveCfg = Release|Any CPU
		{D76156F0-CAAC-4C83-8A27-873BE5E81761}.AppStore|iPhone.Build.0 = Release|Any CPU
		{D76156F0-CAAC-4C83-8A27-873BE5E81761}.AppStore|iPhone.Deploy.0 = Release|Any CPU
		{D76156F0-CAAC-4C83-8A27-873BE5E81761}.AppStore|iPhoneSimulator.ActiveCfg = Release|Any CPU
		{D76156F0-CAAC-4C83-8A27-873BE5E81761}.AppStore|iPhoneSimulator.Build.0 = Release|Any CPU
		{D76156F0-CAAC-4C83-8A27-873BE5E81761}.AppStore|iPhoneSimulator.Deploy.0 = Release|Any CPU
		{D76156F0-CAAC-4C83-8A27-873BE5E81761}.AppStore|x64.ActiveCfg = Release|Any CPU
		{D76156F0-CAAC-4C83-8A27-873BE5E81761}.AppStore|x64.Build.0 = Release|Any CPU
		{D76156F0-CAAC-4C83-8A27-873BE5E81761}.AppStore|x64.Deploy.0 = Release|Any CPU
		{D76156F0-CAAC-4C83-8A27-873BE5E81761}.AppStore|x86.ActiveCfg = Release|x86
		{D76156F0-CAAC-4C83-8A27-873BE5E81761}.AppStore|x86.Build.0 = Release|x86
		{D76156F0-CAAC-4C83-8A27-873BE5E81761}.AppStore|x86.Deploy.0 = Release|x86
		{D76156F0-CAAC-4C83-8A27-873BE5E81761}.Debug|Any CPU.ActiveCfg = Debug|Any CPU
		{D76156F0-CAAC-4C83-8A27-873BE5E81761}.Debug|Any CPU.Build.0 = Debug|Any CPU
		{D76156F0-CAAC-4C83-8A27-873BE5E81761}.Debug|Any CPU.Deploy.0 = Debug|Any CPU
		{D76156F0-CAAC-4C83-8A27-873BE5E81761}.Debug|ARM.ActiveCfg = Debug|ARM
		{D76156F0-CAAC-4C83-8A27-873BE5E81761}.Debug|ARM.Build.0 = Debug|ARM
		{D76156F0-CAAC-4C83-8A27-873BE5E81761}.Debug|ARM.Deploy.0 = Debug|ARM
		{D76156F0-CAAC-4C83-8A27-873BE5E81761}.Debug|iPhone.ActiveCfg = Debug|Any CPU
		{D76156F0-CAAC-4C83-8A27-873BE5E81761}.Debug|iPhone.Build.0 = Debug|Any CPU
		{D76156F0-CAAC-4C83-8A27-873BE5E81761}.Debug|iPhone.Deploy.0 = Debug|Any CPU
		{D76156F0-CAAC-4C83-8A27-873BE5E81761}.Debug|iPhoneSimulator.ActiveCfg = Debug|Any CPU
		{D76156F0-CAAC-4C83-8A27-873BE5E81761}.Debug|iPhoneSimulator.Build.0 = Debug|Any CPU
		{D76156F0-CAAC-4C83-8A27-873BE5E81761}.Debug|iPhoneSimulator.Deploy.0 = Debug|Any CPU
		{D76156F0-CAAC-4C83-8A27-873BE5E81761}.Debug|x64.ActiveCfg = Debug|Any CPU
		{D76156F0-CAAC-4C83-8A27-873BE5E81761}.Debug|x64.Build.0 = Debug|Any CPU
		{D76156F0-CAAC-4C83-8A27-873BE5E81761}.Debug|x64.Deploy.0 = Debug|Any CPU
		{D76156F0-CAAC-4C83-8A27-873BE5E81761}.Debug|x86.ActiveCfg = Debug|x86
		{D76156F0-CAAC-4C83-8A27-873BE5E81761}.Debug|x86.Build.0 = Debug|x86
		{D76156F0-CAAC-4C83-8A27-873BE5E81761}.Debug|x86.Deploy.0 = Debug|x86
		{D76156F0-CAAC-4C83-8A27-873BE5E81761}.Release|Any CPU.ActiveCfg = Release|Any CPU
		{D76156F0-CAAC-4C83-8A27-873BE5E81761}.Release|Any CPU.Build.0 = Release|Any CPU
		{D76156F0-CAAC-4C83-8A27-873BE5E81761}.Release|Any CPU.Deploy.0 = Release|Any CPU
		{D76156F0-CAAC-4C83-8A27-873BE5E81761}.Release|ARM.ActiveCfg = Release|ARM
		{D76156F0-CAAC-4C83-8A27-873BE5E81761}.Release|ARM.Build.0 = Release|ARM
		{D76156F0-CAAC-4C83-8A27-873BE5E81761}.Release|ARM.Deploy.0 = Release|ARM
		{D76156F0-CAAC-4C83-8A27-873BE5E81761}.Release|iPhone.ActiveCfg = Release|Any CPU
		{D76156F0-CAAC-4C83-8A27-873BE5E81761}.Release|iPhone.Build.0 = Release|Any CPU
		{D76156F0-CAAC-4C83-8A27-873BE5E81761}.Release|iPhone.Deploy.0 = Release|Any CPU
		{D76156F0-CAAC-4C83-8A27-873BE5E81761}.Release|iPhoneSimulator.ActiveCfg = Release|Any CPU
		{D76156F0-CAAC-4C83-8A27-873BE5E81761}.Release|iPhoneSimulator.Build.0 = Release|Any CPU
		{D76156F0-CAAC-4C83-8A27-873BE5E81761}.Release|iPhoneSimulator.Deploy.0 = Release|Any CPU
		{D76156F0-CAAC-4C83-8A27-873BE5E81761}.Release|x64.ActiveCfg = Release|Any CPU
		{D76156F0-CAAC-4C83-8A27-873BE5E81761}.Release|x64.Build.0 = Release|Any CPU
		{D76156F0-CAAC-4C83-8A27-873BE5E81761}.Release|x64.Deploy.0 = Release|Any CPU
		{D76156F0-CAAC-4C83-8A27-873BE5E81761}.Release|x86.ActiveCfg = Release|x86
		{D76156F0-CAAC-4C83-8A27-873BE5E81761}.Release|x86.Build.0 = Release|x86
		{D76156F0-CAAC-4C83-8A27-873BE5E81761}.Release|x86.Deploy.0 = Release|x86
	EndGlobalSection
	GlobalSection(SolutionProperties) = preSolution
		HideSolutionNode = FALSE
	EndGlobalSection
EndGlobal
